// !$*UTF8*$!
{
	archiveVersion = 1;
	classes = {
	};
	objectVersion = 77;
	objects = {

/* Begin PBXBuildFile section */
		8B3B61282DC9C52400B6645E /* FirebaseAppCheck in Frameworks */ = {isa = PBXBuildFile; productRef = 8B3B61272DC9C52400B6645E /* FirebaseAppCheck */; };
		8B3B612A2DC9C52400B6645E /* FirebaseAppDistribution-Beta in Frameworks */ = {isa = PBXBuildFile; productRef = 8B3B61292DC9C52400B6645E /* FirebaseAppDistribution-Beta */; };
		8B3B614D2DCB807500B6645E /* FirebaseAuth in Frameworks */ = {isa = PBXBuildFile; productRef = 8B3B614C2DCB807500B6645E /* FirebaseAuth */; };
		8B3B614F2DCB807500B6645E /* FirebaseCore in Frameworks */ = {isa = PBXBuildFile; productRef = 8B3B614E2DCB807500B6645E /* FirebaseCore */; };
		8B3B61512DCB807500B6645E /* FirebaseFirestore in Frameworks */ = {isa = PBXBuildFile; productRef = 8B3B61502DCB807500B6645E /* FirebaseFirestore */; };
/* End PBXBuildFile section */

/* Begin PBXContainerItemProxy section */
		68172E4A2DC9BF2E006979E5 /* PBXContainerItemProxy */ = {
			isa = PBXContainerItemProxy;
			containerPortal = 68172E312DC9BF2C006979E5 /* Project object */;
			proxyType = 1;
			remoteGlobalIDString = 68172E382DC9BF2C006979E5;
			remoteInfo = subjectReviewApp;
		};
		68172E542DC9BF2E006979E5 /* PBXContainerItemProxy */ = {
			isa = PBXContainerItemProxy;
			containerPortal = 68172E312DC9BF2C006979E5 /* Project object */;
			proxyType = 1;
			remoteGlobalIDString = 68172E382DC9BF2C006979E5;
			remoteInfo = subjectReviewApp;
		};
/* End PBXContainerItemProxy section */

/* Begin PBXFileReference section */
		68172E392DC9BF2C006979E5 /* subjectReviewApp.app */ = {isa = PBXFileReference; explicitFileType = wrapper.application; includeInIndex = 0; path = subjectReviewApp.app; sourceTree = BUILT_PRODUCTS_DIR; };
		68172E492DC9BF2E006979E5 /* subjectReviewAppTests.xctest */ = {isa = PBXFileReference; explicitFileType = wrapper.cfbundle; includeInIndex = 0; path = subjectReviewAppTests.xctest; sourceTree = BUILT_PRODUCTS_DIR; };
		68172E532DC9BF2E006979E5 /* subjectReviewAppUITests.xctest */ = {isa = PBXFileReference; explicitFileType = wrapper.cfbundle; includeInIndex = 0; path = subjectReviewAppUITests.xctest; sourceTree = BUILT_PRODUCTS_DIR; };
/* End PBXFileReference section */

/* Begin PBXFileSystemSynchronizedRootGroup section */
		68172E3B2DC9BF2C006979E5 /* subjectReviewApp */ = {
			isa = PBXFileSystemSynchronizedRootGroup;
			path = subjectReviewApp;
			sourceTree = "<group>";
		};
		68172E4C2DC9BF2E006979E5 /* subjectReviewAppTests */ = {
			isa = PBXFileSystemSynchronizedRootGroup;
			path = subjectReviewAppTests;
			sourceTree = "<group>";
		};
		68172E562DC9BF2E006979E5 /* subjectReviewAppUITests */ = {
			isa = PBXFileSystemSynchronizedRootGroup;
			path = subjectReviewAppUITests;
			sourceTree = "<group>";
		};
/* End PBXFileSystemSynchronizedRootGroup section */

/* Begin PBXFrameworksBuildPhase section */
		68172E362DC9BF2C006979E5 /* Frameworks */ = {
			isa = PBXFrameworksBuildPhase;
			buildActionMask = 2147483647;
			files = (
				8B3B61282DC9C52400B6645E /* FirebaseAppCheck in Frameworks */,
				8B3B614D2DCB807500B6645E /* FirebaseAuth in Frameworks */,
				8B3B614F2DCB807500B6645E /* FirebaseCore in Frameworks */,
				8B3B61512DCB807500B6645E /* FirebaseFirestore in Frameworks */,
				8B3B612A2DC9C52400B6645E /* FirebaseAppDistribution-Beta in Frameworks */,
			);
			runOnlyForDeploymentPostprocessing = 0;
		};
		68172E462DC9BF2E006979E5 /* Frameworks */ = {
			isa = PBXFrameworksBuildPhase;
			buildActionMask = 2147483647;
			files = (
			);
			runOnlyForDeploymentPostprocessing = 0;
		};
		68172E502DC9BF2E006979E5 /* Frameworks */ = {
			isa = PBXFrameworksBuildPhase;
			buildActionMask = 2147483647;
			files = (
			);
			runOnlyForDeploymentPostprocessing = 0;
		};
/* End PBXFrameworksBuildPhase section */

/* Begin PBXGroup section */
		68172E302DC9BF2C006979E5 = {
			isa = PBXGroup;
			children = (
				68172E3B2DC9BF2C006979E5 /* subjectReviewApp */,
				68172E4C2DC9BF2E006979E5 /* subjectReviewAppTests */,
				68172E562DC9BF2E006979E5 /* subjectReviewAppUITests */,
				68172E3A2DC9BF2C006979E5 /* Products */,
			);
			sourceTree = "<group>";
		};
		68172E3A2DC9BF2C006979E5 /* Products */ = {
			isa = PBXGroup;
			children = (
				68172E392DC9BF2C006979E5 /* subjectReviewApp.app */,
				68172E492DC9BF2E006979E5 /* subjectReviewAppTests.xctest */,
				68172E532DC9BF2E006979E5 /* subjectReviewAppUITests.xctest */,
			);
			name = Products;
			sourceTree = "<group>";
		};
/* End PBXGroup section */

/* Begin PBXNativeTarget section */
		68172E382DC9BF2C006979E5 /* subjectReviewApp */ = {
			isa = PBXNativeTarget;
			buildConfigurationList = 68172E5D2DC9BF2E006979E5 /* Build configuration list for PBXNativeTarget "subjectReviewApp" */;
			buildPhases = (
				68172E352DC9BF2C006979E5 /* Sources */,
				68172E362DC9BF2C006979E5 /* Frameworks */,
				68172E372DC9BF2C006979E5 /* Resources */,
			);
			buildRules = (
			);
			dependencies = (
			);
			fileSystemSynchronizedGroups = (
				68172E3B2DC9BF2C006979E5 /* subjectReviewApp */,
			);
			name = subjectReviewApp;
			packageProductDependencies = (
				8B3B61272DC9C52400B6645E /* FirebaseAppCheck */,
				8B3B61292DC9C52400B6645E /* FirebaseAppDistribution-Beta */,
				8B3B614C2DCB807500B6645E /* FirebaseAuth */,
				8B3B614E2DCB807500B6645E /* FirebaseCore */,
				8B3B61502DCB807500B6645E /* FirebaseFirestore */,
			);
			productName = subjectReviewApp;
			productReference = 68172E392DC9BF2C006979E5 /* subjectReviewApp.app */;
			productType = "com.apple.product-type.application";
		};
		68172E482DC9BF2E006979E5 /* subjectReviewAppTests */ = {
			isa = PBXNativeTarget;
			buildConfigurationList = 68172E602DC9BF2E006979E5 /* Build configuration list for PBXNativeTarget "subjectReviewAppTests" */;
			buildPhases = (
				68172E452DC9BF2E006979E5 /* Sources */,
				68172E462DC9BF2E006979E5 /* Frameworks */,
				68172E472DC9BF2E006979E5 /* Resources */,
			);
			buildRules = (
			);
			dependencies = (
				68172E4B2DC9BF2E006979E5 /* PBXTargetDependency */,
			);
			fileSystemSynchronizedGroups = (
				68172E4C2DC9BF2E006979E5 /* subjectReviewAppTests */,
			);
			name = subjectReviewAppTests;
			packageProductDependencies = (
			);
			productName = subjectReviewAppTests;
			productReference = 68172E492DC9BF2E006979E5 /* subjectReviewAppTests.xctest */;
			productType = "com.apple.product-type.bundle.unit-test";
		};
		68172E522DC9BF2E006979E5 /* subjectReviewAppUITests */ = {
			isa = PBXNativeTarget;
			buildConfigurationList = 68172E632DC9BF2E006979E5 /* Build configuration list for PBXNativeTarget "subjectReviewAppUITests" */;
			buildPhases = (
				68172E4F2DC9BF2E006979E5 /* Sources */,
				68172E502DC9BF2E006979E5 /* Frameworks */,
				68172E512DC9BF2E006979E5 /* Resources */,
			);
			buildRules = (
			);
			dependencies = (
				68172E552DC9BF2E006979E5 /* PBXTargetDependency */,
			);
			fileSystemSynchronizedGroups = (
				68172E562DC9BF2E006979E5 /* subjectReviewAppUITests */,
			);
			name = subjectReviewAppUITests;
			packageProductDependencies = (
			);
			productName = subjectReviewAppUITests;
			productReference = 68172E532DC9BF2E006979E5 /* subjectReviewAppUITests.xctest */;
			productType = "com.apple.product-type.bundle.ui-testing";
		};
/* End PBXNativeTarget section */

/* Begin PBXProject section */
		68172E312DC9BF2C006979E5 /* Project object */ = {
			isa = PBXProject;
			attributes = {
				BuildIndependentTargetsInParallel = 1;
				LastSwiftUpdateCheck = 1620;
				LastUpgradeCheck = 1620;
				TargetAttributes = {
					68172E382DC9BF2C006979E5 = {
						CreatedOnToolsVersion = 16.2;
					};
					68172E482DC9BF2E006979E5 = {
						CreatedOnToolsVersion = 16.2;
						TestTargetID = 68172E382DC9BF2C006979E5;
					};
					68172E522DC9BF2E006979E5 = {
						CreatedOnToolsVersion = 16.2;
						TestTargetID = 68172E382DC9BF2C006979E5;
					};
				};
			};
			buildConfigurationList = 68172E342DC9BF2C006979E5 /* Build configuration list for PBXProject "subjectReviewApp" */;
			developmentRegion = en;
			hasScannedForEncodings = 0;
			knownRegions = (
				en,
				Base,
			);
			mainGroup = 68172E302DC9BF2C006979E5;
			minimizedProjectReferenceProxies = 1;
			packageReferences = (
				8B3B61262DC9C52400B6645E /* XCRemoteSwiftPackageReference "firebase-ios-sdk" */,
			);
			preferredProjectObjectVersion = 77;
			productRefGroup = 68172E3A2DC9BF2C006979E5 /* Products */;
			projectDirPath = "";
			projectRoot = "";
			targets = (
				68172E382DC9BF2C006979E5 /* subjectReviewApp */,
				68172E482DC9BF2E006979E5 /* subjectReviewAppTests */,
				68172E522DC9BF2E006979E5 /* subjectReviewAppUITests */,
			);
		};
/* End PBXProject section */

/* Begin PBXResourcesBuildPhase section */
		68172E372DC9BF2C006979E5 /* Resources */ = {
			isa = PBXResourcesBuildPhase;
			buildActionMask = 2147483647;
			files = (
			);
			runOnlyForDeploymentPostprocessing = 0;
		};
		68172E472DC9BF2E006979E5 /* Resources */ = {
			isa = PBXResourcesBuildPhase;
			buildActionMask = 2147483647;
			files = (
			);
			runOnlyForDeploymentPostprocessing = 0;
		};
		68172E512DC9BF2E006979E5 /* Resources */ = {
			isa = PBXResourcesBuildPhase;
			buildActionMask = 2147483647;
			files = (
			);
			runOnlyForDeploymentPostprocessing = 0;
		};
/* End PBXResourcesBuildPhase section */

/* Begin PBXSourcesBuildPhase section */
		68172E352DC9BF2C006979E5 /* Sources */ = {
			isa = PBXSourcesBuildPhase;
			buildActionMask = 2147483647;
			files = (
			);
			runOnlyForDeploymentPostprocessing = 0;
		};
		68172E452DC9BF2E006979E5 /* Sources */ = {
			isa = PBXSourcesBuildPhase;
			buildActionMask = 2147483647;
			files = (
			);
			runOnlyForDeploymentPostprocessing = 0;
		};
		68172E4F2DC9BF2E006979E5 /* Sources */ = {
			isa = PBXSourcesBuildPhase;
			buildActionMask = 2147483647;
			files = (
			);
			runOnlyForDeploymentPostprocessing = 0;
		};
/* End PBXSourcesBuildPhase section */

/* Begin PBXTargetDependency section */
		68172E4B2DC9BF2E006979E5 /* PBXTargetDependency */ = {
			isa = PBXTargetDependency;
			target = 68172E382DC9BF2C006979E5 /* subjectReviewApp */;
			targetProxy = 68172E4A2DC9BF2E006979E5 /* PBXContainerItemProxy */;
		};
		68172E552DC9BF2E006979E5 /* PBXTargetDependency */ = {
			isa = PBXTargetDependency;
			target = 68172E382DC9BF2C006979E5 /* subjectReviewApp */;
			targetProxy = 68172E542DC9BF2E006979E5 /* PBXContainerItemProxy */;
		};
/* End PBXTargetDependency section */

/* Begin XCBuildConfiguration section */
		68172E5B2DC9BF2E006979E5 /* Debug */ = {
			isa = XCBuildConfiguration;
			buildSettings = {
				ALWAYS_SEARCH_USER_PATHS = NO;
				ASSETCATALOG_COMPILER_GENERATE_SWIFT_ASSET_SYMBOL_EXTENSIONS = YES;
				CLANG_ANALYZER_NONNULL = YES;
				CLANG_ANALYZER_NUMBER_OBJECT_CONVERSION = YES_AGGRESSIVE;
				CLANG_CXX_LANGUAGE_STANDARD = "gnu++20";
				CLANG_ENABLE_MODULES = YES;
				CLANG_ENABLE_OBJC_ARC = YES;
				CLANG_ENABLE_OBJC_WEAK = YES;
				CLANG_WARN_BLOCK_CAPTURE_AUTORELEASING = YES;
				CLANG_WARN_BOOL_CONVERSION = YES;
				CLANG_WARN_COMMA = YES;
				CLANG_WARN_CONSTANT_CONVERSION = YES;
				CLANG_WARN_DEPRECATED_OBJC_IMPLEMENTATIONS = YES;
				CLANG_WARN_DIRECT_OBJC_ISA_USAGE = YES_ERROR;
				CLANG_WARN_DOCUMENTATION_COMMENTS = YES;
				CLANG_WARN_EMPTY_BODY = YES;
				CLANG_WARN_ENUM_CONVERSION = YES;
				CLANG_WARN_INFINITE_RECURSION = YES;
				CLANG_WARN_INT_CONVERSION = YES;
				CLANG_WARN_NON_LITERAL_NULL_CONVERSION = YES;
				CLANG_WARN_OBJC_IMPLICIT_RETAIN_SELF = YES;
				CLANG_WARN_OBJC_LITERAL_CONVERSION = YES;
				CLANG_WARN_OBJC_ROOT_CLASS = YES_ERROR;
				CLANG_WARN_QUOTED_INCLUDE_IN_FRAMEWORK_HEADER = YES;
				CLANG_WARN_RANGE_LOOP_ANALYSIS = YES;
				CLANG_WARN_STRICT_PROTOTYPES = YES;
				CLANG_WARN_SUSPICIOUS_MOVE = YES;
				CLANG_WARN_UNGUARDED_AVAILABILITY = YES_AGGRESSIVE;
				CLANG_WARN_UNREACHABLE_CODE = YES;
				CLANG_WARN__DUPLICATE_METHOD_MATCH = YES;
				COPY_PHASE_STRIP = NO;
				DEBUG_INFORMATION_FORMAT = dwarf;
				ENABLE_STRICT_OBJC_MSGSEND = YES;
				ENABLE_TESTABILITY = YES;
				ENABLE_USER_SCRIPT_SANDBOXING = YES;
				GCC_C_LANGUAGE_STANDARD = gnu17;
				GCC_DYNAMIC_NO_PIC = NO;
				GCC_NO_COMMON_BLOCKS = YES;
				GCC_OPTIMIZATION_LEVEL = 0;
				GCC_PREPROCESSOR_DEFINITIONS = (
					"DEBUG=1",
					"$(inherited)",
				);
				GCC_WARN_64_TO_32_BIT_CONVERSION = YES;
				GCC_WARN_ABOUT_RETURN_TYPE = YES_ERROR;
				GCC_WARN_UNDECLARED_SELECTOR = YES;
				GCC_WARN_UNINITIALIZED_AUTOS = YES_AGGRESSIVE;
				GCC_WARN_UNUSED_FUNCTION = YES;
				GCC_WARN_UNUSED_VARIABLE = YES;
				IPHONEOS_DEPLOYMENT_TARGET = 18.2;
				LOCALIZATION_PREFERS_STRING_CATALOGS = YES;
				MTL_ENABLE_DEBUG_INFO = INCLUDE_SOURCE;
				MTL_FAST_MATH = YES;
				ONLY_ACTIVE_ARCH = YES;
				SDKROOT = iphoneos;
				SWIFT_ACTIVE_COMPILATION_CONDITIONS = "DEBUG $(inherited)";
				SWIFT_OPTIMIZATION_LEVEL = "-Onone";
			};
			name = Debug;
		};
		68172E5C2DC9BF2E006979E5 /* Release */ = {
			isa = XCBuildConfiguration;
			buildSettings = {
				ALWAYS_SEARCH_USER_PATHS = NO;
				ASSETCATALOG_COMPILER_GENERATE_SWIFT_ASSET_SYMBOL_EXTENSIONS = YES;
				CLANG_ANALYZER_NONNULL = YES;
				CLANG_ANALYZER_NUMBER_OBJECT_CONVERSION = YES_AGGRESSIVE;
				CLANG_CXX_LANGUAGE_STANDARD = "gnu++20";
				CLANG_ENABLE_MODULES = YES;
				CLANG_ENABLE_OBJC_ARC = YES;
				CLANG_ENABLE_OBJC_WEAK = YES;
				CLANG_WARN_BLOCK_CAPTURE_AUTORELEASING = YES;
				CLANG_WARN_BOOL_CONVERSION = YES;
				CLANG_WARN_COMMA = YES;
				CLANG_WARN_CONSTANT_CONVERSION = YES;
				CLANG_WARN_DEPRECATED_OBJC_IMPLEMENTATIONS = YES;
				CLANG_WARN_DIRECT_OBJC_ISA_USAGE = YES_ERROR;
				CLANG_WARN_DOCUMENTATION_COMMENTS = YES;
				CLANG_WARN_EMPTY_BODY = YES;
				CLANG_WARN_ENUM_CONVERSION = YES;
				CLANG_WARN_INFINITE_RECURSION = YES;
				CLANG_WARN_INT_CONVERSION = YES;
				CLANG_WARN_NON_LITERAL_NULL_CONVERSION = YES;
				CLANG_WARN_OBJC_IMPLICIT_RETAIN_SELF = YES;
				CLANG_WARN_OBJC_LITERAL_CONVERSION = YES;
				CLANG_WARN_OBJC_ROOT_CLASS = YES_ERROR;
				CLANG_WARN_QUOTED_INCLUDE_IN_FRAMEWORK_HEADER = YES;
				CLANG_WARN_RANGE_LOOP_ANALYSIS = YES;
				CLANG_WARN_STRICT_PROTOTYPES = YES;
				CLANG_WARN_SUSPICIOUS_MOVE = YES;
				CLANG_WARN_UNGUARDED_AVAILABILITY = YES_AGGRESSIVE;
				CLANG_WARN_UNREACHABLE_CODE = YES;
				CLANG_WARN__DUPLICATE_METHOD_MATCH = YES;
				COPY_PHASE_STRIP = NO;
				DEBUG_INFORMATION_FORMAT = "dwarf-with-dsym";
				ENABLE_NS_ASSERTIONS = NO;
				ENABLE_STRICT_OBJC_MSGSEND = YES;
				ENABLE_USER_SCRIPT_SANDBOXING = YES;
				GCC_C_LANGUAGE_STANDARD = gnu17;
				GCC_NO_COMMON_BLOCKS = YES;
				GCC_WARN_64_TO_32_BIT_CONVERSION = YES;
				GCC_WARN_ABOUT_RETURN_TYPE = YES_ERROR;
				GCC_WARN_UNDECLARED_SELECTOR = YES;
				GCC_WARN_UNINITIALIZED_AUTOS = YES_AGGRESSIVE;
				GCC_WARN_UNUSED_FUNCTION = YES;
				GCC_WARN_UNUSED_VARIABLE = YES;
				IPHONEOS_DEPLOYMENT_TARGET = 18.2;
				LOCALIZATION_PREFERS_STRING_CATALOGS = YES;
				MTL_ENABLE_DEBUG_INFO = NO;
				MTL_FAST_MATH = YES;
				SDKROOT = iphoneos;
				SWIFT_COMPILATION_MODE = wholemodule;
				VALIDATE_PRODUCT = YES;
			};
			name = Release;
		};
		68172E5E2DC9BF2E006979E5 /* Debug */ = {
			isa = XCBuildConfiguration;
			buildSettings = {
				ASSETCATALOG_COMPILER_APPICON_NAME = AppIcon;
				ASSETCATALOG_COMPILER_GLOBAL_ACCENT_COLOR_NAME = AccentColor;
				CODE_SIGN_STYLE = Automatic;
				CURRENT_PROJECT_VERSION = 1;
				DEVELOPMENT_ASSET_PATHS = "\"subjectReviewApp/Preview Content\"";
				DEVELOPMENT_TEAM = 4Y8665MZTT;
				ENABLE_PREVIEWS = YES;
				GENERATE_INFOPLIST_FILE = YES;
				INFOPLIST_KEY_UIApplicationSceneManifest_Generation = YES;
				INFOPLIST_KEY_UIApplicationSupportsIndirectInputEvents = YES;
				INFOPLIST_KEY_UILaunchScreen_Generation = YES;
				INFOPLIST_KEY_UISupportedInterfaceOrientations_iPad = "UIInterfaceOrientationPortrait UIInterfaceOrientationPortraitUpsideDown UIInterfaceOrientationLandscapeLeft UIInterfaceOrientationLandscapeRight";
				INFOPLIST_KEY_UISupportedInterfaceOrientations_iPhone = "UIInterfaceOrientationPortrait UIInterfaceOrientationLandscapeLeft UIInterfaceOrientationLandscapeRight";
				LD_RUNPATH_SEARCH_PATHS = (
					"$(inherited)",
					"@executable_path/Frameworks",
				);
				MARKETING_VERSION = 1.0;
				PRODUCT_BUNDLE_IDENTIFIER = "Ilias-Vasiliou-24567036.subjectReviewApp";
				PRODUCT_NAME = "$(TARGET_NAME)";
				SWIFT_EMIT_LOC_STRINGS = YES;
				SWIFT_VERSION = 5.0;
				TARGETED_DEVICE_FAMILY = "1,2";
			};
			name = Debug;
		};
		68172E5F2DC9BF2E006979E5 /* Release */ = {
			isa = XCBuildConfiguration;
			buildSettings = {
				ASSETCATALOG_COMPILER_APPICON_NAME = AppIcon;
				ASSETCATALOG_COMPILER_GLOBAL_ACCENT_COLOR_NAME = AccentColor;
				CODE_SIGN_STYLE = Automatic;
				CURRENT_PROJECT_VERSION = 1;
				DEVELOPMENT_ASSET_PATHS = "\"subjectReviewApp/Preview Content\"";
				DEVELOPMENT_TEAM = 4Y8665MZTT;
				ENABLE_PREVIEWS = YES;
				GENERATE_INFOPLIST_FILE = YES;
				INFOPLIST_KEY_UIApplicationSceneManifest_Generation = YES;
				INFOPLIST_KEY_UIApplicationSupportsIndirectInputEvents = YES;
				INFOPLIST_KEY_UILaunchScreen_Generation = YES;
				INFOPLIST_KEY_UISupportedInterfaceOrientations_iPad = "UIInterfaceOrientationPortrait UIInterfaceOrientationPortraitUpsideDown UIInterfaceOrientationLandscapeLeft UIInterfaceOrientationLandscapeRight";
				INFOPLIST_KEY_UISupportedInterfaceOrientations_iPhone = "UIInterfaceOrientationPortrait UIInterfaceOrientationLandscapeLeft UIInterfaceOrientationLandscapeRight";
				LD_RUNPATH_SEARCH_PATHS = (
					"$(inherited)",
					"@executable_path/Frameworks",
				);
				MARKETING_VERSION = 1.0;
				PRODUCT_BUNDLE_IDENTIFIER = "Ilias-Vasiliou-24567036.subjectReviewApp";
				PRODUCT_NAME = "$(TARGET_NAME)";
				SWIFT_EMIT_LOC_STRINGS = YES;
				SWIFT_VERSION = 5.0;
				TARGETED_DEVICE_FAMILY = "1,2";
			};
			name = Release;
		};
		68172E612DC9BF2E006979E5 /* Debug */ = {
			isa = XCBuildConfiguration;
			buildSettings = {
				BUNDLE_LOADER = "$(TEST_HOST)";
				CODE_SIGN_STYLE = Automatic;
				CURRENT_PROJECT_VERSION = 1;
				GENERATE_INFOPLIST_FILE = YES;
				IPHONEOS_DEPLOYMENT_TARGET = 18.2;
				MARKETING_VERSION = 1.0;
				PRODUCT_BUNDLE_IDENTIFIER = "Ilias-Vasiliou-24567036.subjectReviewAppTests";
				PRODUCT_NAME = "$(TARGET_NAME)";
				SWIFT_EMIT_LOC_STRINGS = NO;
				SWIFT_VERSION = 5.0;
				TARGETED_DEVICE_FAMILY = "1,2";
				TEST_HOST = "$(BUILT_PRODUCTS_DIR)/subjectReviewApp.app/$(BUNDLE_EXECUTABLE_FOLDER_PATH)/subjectReviewApp";
			};
			name = Debug;
		};
		68172E622DC9BF2E006979E5 /* Release */ = {
			isa = XCBuildConfiguration;
			buildSettings = {
				BUNDLE_LOADER = "$(TEST_HOST)";
				CODE_SIGN_STYLE = Automatic;
				CURRENT_PROJECT_VERSION = 1;
				GENERATE_INFOPLIST_FILE = YES;
				IPHONEOS_DEPLOYMENT_TARGET = 18.2;
				MARKETING_VERSION = 1.0;
				PRODUCT_BUNDLE_IDENTIFIER = "Ilias-Vasiliou-24567036.subjectReviewAppTests";
				PRODUCT_NAME = "$(TARGET_NAME)";
				SWIFT_EMIT_LOC_STRINGS = NO;
				SWIFT_VERSION = 5.0;
				TARGETED_DEVICE_FAMILY = "1,2";
				TEST_HOST = "$(BUILT_PRODUCTS_DIR)/subjectReviewApp.app/$(BUNDLE_EXECUTABLE_FOLDER_PATH)/subjectReviewApp";
			};
			name = Release;
		};
		68172E642DC9BF2E006979E5 /* Debug */ = {
			isa = XCBuildConfiguration;
			buildSettings = {
				CODE_SIGN_STYLE = Automatic;
				CURRENT_PROJECT_VERSION = 1;
				GENERATE_INFOPLIST_FILE = YES;
				MARKETING_VERSION = 1.0;
				PRODUCT_BUNDLE_IDENTIFIER = "Ilias-Vasiliou-24567036.subjectReviewAppUITests";
				PRODUCT_NAME = "$(TARGET_NAME)";
				SWIFT_EMIT_LOC_STRINGS = NO;
				SWIFT_VERSION = 5.0;
				TARGETED_DEVICE_FAMILY = "1,2";
				TEST_TARGET_NAME = subjectReviewApp;
			};
			name = Debug;
		};
		68172E652DC9BF2E006979E5 /* Release */ = {
			isa = XCBuildConfiguration;
			buildSettings = {
				CODE_SIGN_STYLE = Automatic;
				CURRENT_PROJECT_VERSION = 1;
				GENERATE_INFOPLIST_FILE = YES;
				MARKETING_VERSION = 1.0;
				PRODUCT_BUNDLE_IDENTIFIER = "Ilias-Vasiliou-24567036.subjectReviewAppUITests";
				PRODUCT_NAME = "$(TARGET_NAME)";
				SWIFT_EMIT_LOC_STRINGS = NO;
				SWIFT_VERSION = 5.0;
				TARGETED_DEVICE_FAMILY = "1,2";
				TEST_TARGET_NAME = subjectReviewApp;
			};
			name = Release;
		};
/* End XCBuildConfiguration section */

/* Begin XCConfigurationList section */
		68172E342DC9BF2C006979E5 /* Build configuration list for PBXProject "subjectReviewApp" */ = {
			isa = XCConfigurationList;
			buildConfigurations = (
				68172E5B2DC9BF2E006979E5 /* Debug */,
				68172E5C2DC9BF2E006979E5 /* Release */,
			);
			defaultConfigurationIsVisible = 0;
			defaultConfigurationName = Release;
		};
		68172E5D2DC9BF2E006979E5 /* Build configuration list for PBXNativeTarget "subjectReviewApp" */ = {
			isa = XCConfigurationList;
			buildConfigurations = (
				68172E5E2DC9BF2E006979E5 /* Debug */,
				68172E5F2DC9BF2E006979E5 /* Release */,
			);
			defaultConfigurationIsVisible = 0;
			defaultConfigurationName = Release;
		};
		68172E602DC9BF2E006979E5 /* Build configuration list for PBXNativeTarget "subjectReviewAppTests" */ = {
			isa = XCConfigurationList;
			buildConfigurations = (
				68172E612DC9BF2E006979E5 /* Debug */,
				68172E622DC9BF2E006979E5 /* Release */,
			);
			defaultConfigurationIsVisible = 0;
			defaultConfigurationName = Release;
		};
		68172E632DC9BF2E006979E5 /* Build configuration list for PBXNativeTarget "subjectReviewAppUITests" */ = {
			isa = XCConfigurationList;
			buildConfigurations = (
				68172E642DC9BF2E006979E5 /* Debug */,
				68172E652DC9BF2E006979E5 /* Release */,
			);
			defaultConfigurationIsVisible = 0;
			defaultConfigurationName = Release;
		};
/* End XCConfigurationList section */

/* Begin XCRemoteSwiftPackageReference section */
		8B3B61262DC9C52400B6645E /* XCRemoteSwiftPackageReference "firebase-ios-sdk" */ = {
			isa = XCRemoteSwiftPackageReference;
			repositoryURL = "https://github.com/firebase/firebase-ios-sdk";
			requirement = {
				kind = upToNextMajorVersion;
				minimumVersion = 11.12.0;
			};
		};
/* End XCRemoteSwiftPackageReference section */

/* Begin XCSwiftPackageProductDependency section */
		8B3B61272DC9C52400B6645E /* FirebaseAppCheck */ = {
			isa = XCSwiftPackageProductDependency;
			package = 8B3B61262DC9C52400B6645E /* XCRemoteSwiftPackageReference "firebase-ios-sdk" */;
			productName = FirebaseAppCheck;
		};
		8B3B61292DC9C52400B6645E /* FirebaseAppDistribution-Beta */ = {
			isa = XCSwiftPackageProductDependency;
			package = 8B3B61262DC9C52400B6645E /* XCRemoteSwiftPackageReference "firebase-ios-sdk" */;
			productName = "FirebaseAppDistribution-Beta";
		};
		8B3B614C2DCB807500B6645E /* FirebaseAuth */ = {
			isa = XCSwiftPackageProductDependency;
			package = 8B3B61262DC9C52400B6645E /* XCRemoteSwiftPackageReference "firebase-ios-sdk" */;
			productName = FirebaseAuth;
		};
		8B3B614E2DCB807500B6645E /* FirebaseCore */ = {
			isa = XCSwiftPackageProductDependency;
			package = 8B3B61262DC9C52400B6645E /* XCRemoteSwiftPackageReference "firebase-ios-sdk" */;
			productName = FirebaseCore;
		};
		8B3B61502DCB807500B6645E /* FirebaseFirestore */ = {
			isa = XCSwiftPackageProductDependency;
			package = 8B3B61262DC9C52400B6645E /* XCRemoteSwiftPackageReference "firebase-ios-sdk" */;
			productName = FirebaseFirestore;
		};
/* End XCSwiftPackageProductDependency section */
	};
	rootObject = 68172E312DC9BF2C006979E5 /* Project object */;
}
